// !$*UTF8*$!
{
	archiveVersion = 1;
	classes = {
	};
	objectVersion = 46;
	objects = {

/* Begin PBXBuildFile section */
		8C10CE4F1E87FED500A1E5F7 /* IDMDownloadCompleteViewController.swift in Sources */ = {isa = PBXBuildFile; fileRef = 8C10CE4D1E87FED500A1E5F7 /* IDMDownloadCompleteViewController.swift */; };
		8C10CE501E87FED500A1E5F7 /* IDMDownloadCompleteViewController.xib in Resources */ = {isa = PBXBuildFile; fileRef = 8C10CE4E1E87FED500A1E5F7 /* IDMDownloadCompleteViewController.xib */; };
		8C10CE521E8803DD00A1E5F7 /* IDMFiledownloaderView.swift in Sources */ = {isa = PBXBuildFile; fileRef = 8C10CE511E8803DD00A1E5F7 /* IDMFiledownloaderView.swift */; };
		8C10CE541E8811D000A1E5F7 /* IDMHighlightingButton.swift in Sources */ = {isa = PBXBuildFile; fileRef = 8C10CE531E8811D000A1E5F7 /* IDMHighlightingButton.swift */; };
		8C10CE561E881B3E00A1E5F7 /* IDMScrollViewExtension.swift in Sources */ = {isa = PBXBuildFile; fileRef = 8C10CE551E881B3E00A1E5F7 /* IDMScrollViewExtension.swift */; };
		8C10CE591E8846D700A1E5F7 /* IDMLocalNotificationHelper.swift in Sources */ = {isa = PBXBuildFile; fileRef = 8C10CE581E8846D700A1E5F7 /* IDMLocalNotificationHelper.swift */; };
		8C1DC4F91E8FAF7800CB819A /* Fabric.framework in Frameworks */ = {isa = PBXBuildFile; fileRef = 8C1DC4F71E8FAF7800CB819A /* Fabric.framework */; };
		8C1DC4FA1E8FAF7800CB819A /* Crashlytics.framework in Frameworks */ = {isa = PBXBuildFile; fileRef = 8C1DC4F81E8FAF7800CB819A /* Crashlytics.framework */; };
		8C1DC4FC1E8FB2E000CB819A /* IDMAnalyticsHelper.swift in Sources */ = {isa = PBXBuildFile; fileRef = 8C1DC4FB1E8FB2E000CB819A /* IDMAnalyticsHelper.swift */; };
		8C3879C81E87FB61002F5D69 /* IDMWindowController.swift in Sources */ = {isa = PBXBuildFile; fileRef = 8C3879C61E87FB61002F5D69 /* IDMWindowController.swift */; };
		8C3879C91E87FB61002F5D69 /* IDMWindowController.xib in Resources */ = {isa = PBXBuildFile; fileRef = 8C3879C71E87FB61002F5D69 /* IDMWindowController.xib */; };
		8C49D19C1E87FC9600DD3362 /* NSWindowExtension.swift in Sources */ = {isa = PBXBuildFile; fileRef = 8C49D19B1E87FC9600DD3362 /* NSWindowExtension.swift */; };
		8C528B8E1E804AE300076550 /* IDMUtilities.swift in Sources */ = {isa = PBXBuildFile; fileRef = 8C528B8D1E804AE300076550 /* IDMUtilities.swift */; };
		8C528B901E804CE100076550 /* IDMFlippedViewOfScollView.swift in Sources */ = {isa = PBXBuildFile; fileRef = 8C528B8F1E804CE100076550 /* IDMFlippedViewOfScollView.swift */; };
		8C67544C1E7CFC390044FFA5 /* AppDelegate.swift in Sources */ = {isa = PBXBuildFile; fileRef = 8C67544B1E7CFC390044FFA5 /* AppDelegate.swift */; };
		8C67544E1E7CFC390044FFA5 /* ViewController.swift in Sources */ = {isa = PBXBuildFile; fileRef = 8C67544D1E7CFC390044FFA5 /* ViewController.swift */; };
		8C6754511E7CFC390044FFA5 /* iDownloader.xcdatamodeld in Sources */ = {isa = PBXBuildFile; fileRef = 8C67544F1E7CFC390044FFA5 /* iDownloader.xcdatamodeld */; };
		8C6754531E7CFC390044FFA5 /* Assets.xcassets in Resources */ = {isa = PBXBuildFile; fileRef = 8C6754521E7CFC390044FFA5 /* Assets.xcassets */; };
		8C6754561E7CFC390044FFA5 /* Main.storyboard in Resources */ = {isa = PBXBuildFile; fileRef = 8C6754541E7CFC390044FFA5 /* Main.storyboard */; };
		8C7F44CA1E842157008E7060 /* BaseView.swift in Sources */ = {isa = PBXBuildFile; fileRef = 8C7F44C61E842157008E7060 /* BaseView.swift */; };
		8C7F44CB1E842157008E7060 /* CircularProgressView.swift in Sources */ = {isa = PBXBuildFile; fileRef = 8C7F44C71E842157008E7060 /* CircularProgressView.swift */; };
		8C7F44CC1E842157008E7060 /* DeterminateAnimation.swift in Sources */ = {isa = PBXBuildFile; fileRef = 8C7F44C81E842157008E7060 /* DeterminateAnimation.swift */; };
		8C7F44CD1E842157008E7060 /* ProgressUtils.swift in Sources */ = {isa = PBXBuildFile; fileRef = 8C7F44C91E842157008E7060 /* ProgressUtils.swift */; };
		8C7F44CF1E844496008E7060 /* IDMFileHandler.swift in Sources */ = {isa = PBXBuildFile; fileRef = 8C7F44CE1E844496008E7060 /* IDMFileHandler.swift */; };
		8CA0C6F61E7D397F002EA6D6 /* IDMAppController.swift in Sources */ = {isa = PBXBuildFile; fileRef = 8CA0C6F51E7D397F002EA6D6 /* IDMAppController.swift */; };
		8CA0C6FB1E7D3B20002EA6D6 /* IDMParentViewController.swift in Sources */ = {isa = PBXBuildFile; fileRef = 8CA0C6F91E7D3B20002EA6D6 /* IDMParentViewController.swift */; };
		8CA0C6FC1E7D3B20002EA6D6 /* IDMParentViewController.xib in Resources */ = {isa = PBXBuildFile; fileRef = 8CA0C6FA1E7D3B20002EA6D6 /* IDMParentViewController.xib */; };
		8CA0C6FF1E7D3C72002EA6D6 /* IDMHeaderViewController.swift in Sources */ = {isa = PBXBuildFile; fileRef = 8CA0C6FD1E7D3C72002EA6D6 /* IDMHeaderViewController.swift */; };
		8CA0C7001E7D3C72002EA6D6 /* IDMHeaderViewController.xib in Resources */ = {isa = PBXBuildFile; fileRef = 8CA0C6FE1E7D3C72002EA6D6 /* IDMHeaderViewController.xib */; };
		8CA0C7031E7D3CAA002EA6D6 /* IDMSideBarController.swift in Sources */ = {isa = PBXBuildFile; fileRef = 8CA0C7011E7D3CAA002EA6D6 /* IDMSideBarController.swift */; };
		8CA0C7041E7D3CAA002EA6D6 /* IDMSideBarController.xib in Resources */ = {isa = PBXBuildFile; fileRef = 8CA0C7021E7D3CAA002EA6D6 /* IDMSideBarController.xib */; };
		8CA0C7071E7D3CFA002EA6D6 /* IDMDownloadListController.swift in Sources */ = {isa = PBXBuildFile; fileRef = 8CA0C7051E7D3CFA002EA6D6 /* IDMDownloadListController.swift */; };
		8CA0C7081E7D3CFA002EA6D6 /* IDMDownloadListController.xib in Resources */ = {isa = PBXBuildFile; fileRef = 8CA0C7061E7D3CFA002EA6D6 /* IDMDownloadListController.xib */; };
		8CA0C70A1E7D3D5A002EA6D6 /* IDMMailWindowController.swift in Sources */ = {isa = PBXBuildFile; fileRef = 8CA0C7091E7D3D5A002EA6D6 /* IDMMailWindowController.swift */; };
		8CA0C70F1E7D427E002EA6D6 /* NSViewExtension.swift in Sources */ = {isa = PBXBuildFile; fileRef = 8CA0C70E1E7D427E002EA6D6 /* NSViewExtension.swift */; };
		8CA1A2301E895441008651B5 /* IDMSettingsController.swift in Sources */ = {isa = PBXBuildFile; fileRef = 8CA1A22E1E895441008651B5 /* IDMSettingsController.swift */; };
		8CA1A2311E895441008651B5 /* IDMSettingsController.xib in Resources */ = {isa = PBXBuildFile; fileRef = 8CA1A22F1E895441008651B5 /* IDMSettingsController.xib */; };
		8CA1A2331E895B25008651B5 /* IDMSettingsManager.swift in Sources */ = {isa = PBXBuildFile; fileRef = 8CA1A2321E895B25008651B5 /* IDMSettingsManager.swift */; };
		8CA1A2351E898551008651B5 /* IDMSlideBarRowView.swift in Sources */ = {isa = PBXBuildFile; fileRef = 8CA1A2341E898551008651B5 /* IDMSlideBarRowView.swift */; };
		8CA1A2371E898CE5008651B5 /* IDMSideBarMousExitDetectionView.swift in Sources */ = {isa = PBXBuildFile; fileRef = 8CA1A2361E898CE5008651B5 /* IDMSideBarMousExitDetectionView.swift */; };
		8CA1A2391E899B0B008651B5 /* IDMMenuHelper.swift in Sources */ = {isa = PBXBuildFile; fileRef = 8CA1A2381E899B0B008651B5 /* IDMMenuHelper.swift */; };
		8CA83AED1E7EF0F000E030EB /* IDMSegmentDownloader.swift in Sources */ = {isa = PBXBuildFile; fileRef = 8CA83AEC1E7EF0F000E030EB /* IDMSegmentDownloader.swift */; };
		8CBFC7641E8AA04200D1BBB3 /* IDMDragLinkDetectorView.swift in Sources */ = {isa = PBXBuildFile; fileRef = 8CBFC7631E8AA04200D1BBB3 /* IDMDragLinkDetectorView.swift */; };
		8CDB78CB1E7D466D00314F52 /* NSColorExtension.swift in Sources */ = {isa = PBXBuildFile; fileRef = 8CDB78CA1E7D466D00314F52 /* NSColorExtension.swift */; };
		8CDB78CE1E7D4F8500314F52 /* IDMAddDownloadButton.swift in Sources */ = {isa = PBXBuildFile; fileRef = 8CDB78CD1E7D4F8500314F52 /* IDMAddDownloadButton.swift */; };
		8CDB78D01E7D51D200314F52 /* IDMMouseTrackingButton.swift in Sources */ = {isa = PBXBuildFile; fileRef = 8CDB78CF1E7D51D200314F52 /* IDMMouseTrackingButton.swift */; };
		8CDB78D21E7D544000314F52 /* IDMCustomGreenButton.swift in Sources */ = {isa = PBXBuildFile; fileRef = 8CDB78D11E7D544000314F52 /* IDMCustomGreenButton.swift */; };
		8CDB78D41E7D549600314F52 /* FoundationExtension.swift in Sources */ = {isa = PBXBuildFile; fileRef = 8CDB78D31E7D549600314F52 /* FoundationExtension.swift */; };
		8CDB78D61E7D5CAB00314F52 /* IDMSideBarRow.swift in Sources */ = {isa = PBXBuildFile; fileRef = 8CDB78D51E7D5CAB00314F52 /* IDMSideBarRow.swift */; };
		8CDB78D81E7D972E00314F52 /* IDMStringExtension.swift in Sources */ = {isa = PBXBuildFile; fileRef = 8CDB78D71E7D972E00314F52 /* IDMStringExtension.swift */; };
		8CDB78DA1E7D9AB900314F52 /* IDMMouseEventBlockingView.swift in Sources */ = {isa = PBXBuildFile; fileRef = 8CDB78D91E7D9AB900314F52 /* IDMMouseEventBlockingView.swift */; };
		8CDB78DD1E7D9B6E00314F52 /* IDMFileTypeHelper.swift in Sources */ = {isa = PBXBuildFile; fileRef = 8CDB78DC1E7D9B6E00314F52 /* IDMFileTypeHelper.swift */; };
		8CDB78DF1E7DABA000314F52 /* IDMTextFieldContainer.swift in Sources */ = {isa = PBXBuildFile; fileRef = 8CDB78DE1E7DABA000314F52 /* IDMTextFieldContainer.swift */; };
		8CDB78E11E7DAC2500314F52 /* IDMHighligtingButton.swift in Sources */ = {isa = PBXBuildFile; fileRef = 8CDB78E01E7DAC2500314F52 /* IDMHighligtingButton.swift */; };
		8CDB78E51E7DB91800314F52 /* IDMPopupView.swift in Sources */ = {isa = PBXBuildFile; fileRef = 8CDB78E41E7DB91800314F52 /* IDMPopupView.swift */; };
		8CDB78E71E7E3EC900314F52 /* IDMAddDownloadPopUP.swift in Sources */ = {isa = PBXBuildFile; fileRef = 8CDB78E61E7E3EC900314F52 /* IDMAddDownloadPopUP.swift */; };
		8CDB78EA1E7E412400314F52 /* IDMFileManager.swift in Sources */ = {isa = PBXBuildFile; fileRef = 8CDB78E91E7E412400314F52 /* IDMFileManager.swift */; };
		8CE9F77D1E7E5CAD005034A3 /* IDMDownloadHeaderFetchHelper.swift in Sources */ = {isa = PBXBuildFile; fileRef = 8CE9F77C1E7E5CAD005034A3 /* IDMDownloadHeaderFetchHelper.swift */; };
		8CE9F7821E7E69AF005034A3 /* Reachability.m in Sources */ = {isa = PBXBuildFile; fileRef = 8CE9F7811E7E69AF005034A3 /* Reachability.m */; };
		8CE9F7851E7E6A23005034A3 /* SystemConfiguration.framework in Frameworks */ = {isa = PBXBuildFile; fileRef = 8CE9F7841E7E6A23005034A3 /* SystemConfiguration.framework */; };
		8CE9F7871E7E6A5A005034A3 /* IDMReachability.swift in Sources */ = {isa = PBXBuildFile; fileRef = 8CE9F7861E7E6A5A005034A3 /* IDMReachability.swift */; };
		8CE9F7891E7E70A4005034A3 /* IDMFileDownloadDataHelper.swift in Sources */ = {isa = PBXBuildFile; fileRef = 8CE9F7881E7E70A4005034A3 /* IDMFileDownloadDataHelper.swift */; };
		8CE9F78B1E7E70B0005034A3 /* IDMFileDownloadUIHelper.swift in Sources */ = {isa = PBXBuildFile; fileRef = 8CE9F78A1E7E70B0005034A3 /* IDMFileDownloadUIHelper.swift */; };
		8CE9F78E1E7E76AF005034A3 /* IDMFileDownloadController.swift in Sources */ = {isa = PBXBuildFile; fileRef = 8CE9F78C1E7E76AF005034A3 /* IDMFileDownloadController.swift */; };
		8CE9F78F1E7E76AF005034A3 /* IDMFileDownloadController.xib in Resources */ = {isa = PBXBuildFile; fileRef = 8CE9F78D1E7E76AF005034A3 /* IDMFileDownloadController.xib */; };
		8CE9F7921E7E81D2005034A3 /* IDMCoreDataHelper.swift in Sources */ = {isa = PBXBuildFile; fileRef = 8CE9F7911E7E81D2005034A3 /* IDMCoreDataHelper.swift */; };
/* End PBXBuildFile section */

/* Begin PBXContainerItemProxy section */
		8C67545D1E7CFC390044FFA5 /* PBXContainerItemProxy */ = {
			isa = PBXContainerItemProxy;
			containerPortal = 8C6754401E7CFC390044FFA5 /* Project object */;
			proxyType = 1;
			remoteGlobalIDString = 8C6754471E7CFC390044FFA5;
			remoteInfo = iDownloader;
		};
		8C6754681E7CFC390044FFA5 /* PBXContainerItemProxy */ = {
			isa = PBXContainerItemProxy;
			containerPortal = 8C6754401E7CFC390044FFA5 /* Project object */;
			proxyType = 1;
			remoteGlobalIDString = 8C6754471E7CFC390044FFA5;
			remoteInfo = iDownloader;
		};
/* End PBXContainerItemProxy section */

/* Begin PBXFileReference section */
		8C10CE4D1E87FED500A1E5F7 /* IDMDownloadCompleteViewController.swift */ = {isa = PBXFileReference; fileEncoding = 4; lastKnownFileType = sourcecode.swift; path = IDMDownloadCompleteViewController.swift; sourceTree = "<group>"; };
		8C10CE4E1E87FED500A1E5F7 /* IDMDownloadCompleteViewController.xib */ = {isa = PBXFileReference; fileEncoding = 4; lastKnownFileType = file.xib; path = IDMDownloadCompleteViewController.xib; sourceTree = "<group>"; };
		8C10CE511E8803DD00A1E5F7 /* IDMFiledownloaderView.swift */ = {isa = PBXFileReference; fileEncoding = 4; lastKnownFileType = sourcecode.swift; path = IDMFiledownloaderView.swift; sourceTree = "<group>"; };
		8C10CE531E8811D000A1E5F7 /* IDMHighlightingButton.swift */ = {isa = PBXFileReference; fileEncoding = 4; lastKnownFileType = sourcecode.swift; path = IDMHighlightingButton.swift; sourceTree = "<group>"; };
		8C10CE551E881B3E00A1E5F7 /* IDMScrollViewExtension.swift */ = {isa = PBXFileReference; fileEncoding = 4; lastKnownFileType = sourcecode.swift; path = IDMScrollViewExtension.swift; sourceTree = "<group>"; };
		8C10CE581E8846D700A1E5F7 /* IDMLocalNotificationHelper.swift */ = {isa = PBXFileReference; fileEncoding = 4; lastKnownFileType = sourcecode.swift; path = IDMLocalNotificationHelper.swift; sourceTree = "<group>"; };
		8C1DC4F71E8FAF7800CB819A /* Fabric.framework */ = {isa = PBXFileReference; lastKnownFileType = wrapper.framework; path = Fabric.framework; sourceTree = "<group>"; };
		8C1DC4F81E8FAF7800CB819A /* Crashlytics.framework */ = {isa = PBXFileReference; lastKnownFileType = wrapper.framework; path = Crashlytics.framework; sourceTree = "<group>"; };
		8C1DC4FB1E8FB2E000CB819A /* IDMAnalyticsHelper.swift */ = {isa = PBXFileReference; fileEncoding = 4; lastKnownFileType = sourcecode.swift; path = IDMAnalyticsHelper.swift; sourceTree = "<group>"; };
		8C3879C61E87FB61002F5D69 /* IDMWindowController.swift */ = {isa = PBXFileReference; fileEncoding = 4; lastKnownFileType = sourcecode.swift; path = IDMWindowController.swift; sourceTree = "<group>"; };
		8C3879C71E87FB61002F5D69 /* IDMWindowController.xib */ = {isa = PBXFileReference; fileEncoding = 4; lastKnownFileType = file.xib; path = IDMWindowController.xib; sourceTree = "<group>"; };
		8C49D19B1E87FC9600DD3362 /* NSWindowExtension.swift */ = {isa = PBXFileReference; fileEncoding = 4; lastKnownFileType = sourcecode.swift; path = NSWindowExtension.swift; sourceTree = "<group>"; };
		8C528B891E8037ED00076550 /* iDownloader.app */ = {isa = PBXFileReference; explicitFileType = wrapper.application; includeInIndex = 0; path = iDownloader.app; sourceTree = BUILT_PRODUCTS_DIR; };
		8C528B8D1E804AE300076550 /* IDMUtilities.swift */ = {isa = PBXFileReference; fileEncoding = 4; lastKnownFileType = sourcecode.swift; path = IDMUtilities.swift; sourceTree = "<group>"; };
		8C528B8F1E804CE100076550 /* IDMFlippedViewOfScollView.swift */ = {isa = PBXFileReference; fileEncoding = 4; lastKnownFileType = sourcecode.swift; path = IDMFlippedViewOfScollView.swift; sourceTree = "<group>"; };
		8C67544B1E7CFC390044FFA5 /* AppDelegate.swift */ = {isa = PBXFileReference; lastKnownFileType = sourcecode.swift; name = AppDelegate.swift; path = iDownloader/AppDelegate.swift; sourceTree = "<group>"; };
		8C67544D1E7CFC390044FFA5 /* ViewController.swift */ = {isa = PBXFileReference; lastKnownFileType = sourcecode.swift; path = ViewController.swift; sourceTree = "<group>"; };
		8C6754501E7CFC390044FFA5 /* iDownloader.xcdatamodel */ = {isa = PBXFileReference; lastKnownFileType = wrapper.xcdatamodel; path = iDownloader.xcdatamodel; sourceTree = "<group>"; };
		8C6754521E7CFC390044FFA5 /* Assets.xcassets */ = {isa = PBXFileReference; lastKnownFileType = folder.assetcatalog; path = Assets.xcassets; sourceTree = "<group>"; };
		8C6754551E7CFC390044FFA5 /* Base */ = {isa = PBXFileReference; lastKnownFileType = file.storyboard; name = Base; path = Base.lproj/Main.storyboard; sourceTree = "<group>"; };
		8C6754571E7CFC390044FFA5 /* Info.plist */ = {isa = PBXFileReference; lastKnownFileType = text.plist.xml; path = Info.plist; sourceTree = "<group>"; };
		8C7F44C61E842157008E7060 /* BaseView.swift */ = {isa = PBXFileReference; fileEncoding = 4; lastKnownFileType = sourcecode.swift; path = BaseView.swift; sourceTree = "<group>"; };
		8C7F44C71E842157008E7060 /* CircularProgressView.swift */ = {isa = PBXFileReference; fileEncoding = 4; lastKnownFileType = sourcecode.swift; path = CircularProgressView.swift; sourceTree = "<group>"; };
		8C7F44C81E842157008E7060 /* DeterminateAnimation.swift */ = {isa = PBXFileReference; fileEncoding = 4; lastKnownFileType = sourcecode.swift; path = DeterminateAnimation.swift; sourceTree = "<group>"; };
		8C7F44C91E842157008E7060 /* ProgressUtils.swift */ = {isa = PBXFileReference; fileEncoding = 4; lastKnownFileType = sourcecode.swift; path = ProgressUtils.swift; sourceTree = "<group>"; };
		8C7F44CE1E844496008E7060 /* IDMFileHandler.swift */ = {isa = PBXFileReference; fileEncoding = 4; lastKnownFileType = sourcecode.swift; path = IDMFileHandler.swift; sourceTree = "<group>"; };
		8CA0C6F51E7D397F002EA6D6 /* IDMAppController.swift */ = {isa = PBXFileReference; fileEncoding = 4; lastKnownFileType = sourcecode.swift; path = IDMAppController.swift; sourceTree = "<group>"; };
		8CA0C6F91E7D3B20002EA6D6 /* IDMParentViewController.swift */ = {isa = PBXFileReference; fileEncoding = 4; lastKnownFileType = sourcecode.swift; path = IDMParentViewController.swift; sourceTree = "<group>"; };
		8CA0C6FA1E7D3B20002EA6D6 /* IDMParentViewController.xib */ = {isa = PBXFileReference; fileEncoding = 4; lastKnownFileType = file.xib; path = IDMParentViewController.xib; sourceTree = "<group>"; };
		8CA0C6FD1E7D3C72002EA6D6 /* IDMHeaderViewController.swift */ = {isa = PBXFileReference; fileEncoding = 4; lastKnownFileType = sourcecode.swift; path = IDMHeaderViewController.swift; sourceTree = "<group>"; };
		8CA0C6FE1E7D3C72002EA6D6 /* IDMHeaderViewController.xib */ = {isa = PBXFileReference; fileEncoding = 4; lastKnownFileType = file.xib; path = IDMHeaderViewController.xib; sourceTree = "<group>"; };
		8CA0C7011E7D3CAA002EA6D6 /* IDMSideBarController.swift */ = {isa = PBXFileReference; fileEncoding = 4; lastKnownFileType = sourcecode.swift; path = IDMSideBarController.swift; sourceTree = "<group>"; };
		8CA0C7021E7D3CAA002EA6D6 /* IDMSideBarController.xib */ = {isa = PBXFileReference; fileEncoding = 4; lastKnownFileType = file.xib; path = IDMSideBarController.xib; sourceTree = "<group>"; };
		8CA0C7051E7D3CFA002EA6D6 /* IDMDownloadListController.swift */ = {isa = PBXFileReference; fileEncoding = 4; lastKnownFileType = sourcecode.swift; path = IDMDownloadListController.swift; sourceTree = "<group>"; };
		8CA0C7061E7D3CFA002EA6D6 /* IDMDownloadListController.xib */ = {isa = PBXFileReference; fileEncoding = 4; lastKnownFileType = file.xib; path = IDMDownloadListController.xib; sourceTree = "<group>"; };
		8CA0C7091E7D3D5A002EA6D6 /* IDMMailWindowController.swift */ = {isa = PBXFileReference; fileEncoding = 4; lastKnownFileType = sourcecode.swift; path = IDMMailWindowController.swift; sourceTree = "<group>"; };
		8CA0C70E1E7D427E002EA6D6 /* NSViewExtension.swift */ = {isa = PBXFileReference; fileEncoding = 4; lastKnownFileType = sourcecode.swift; path = NSViewExtension.swift; sourceTree = "<group>"; };
		8CA1A22E1E895441008651B5 /* IDMSettingsController.swift */ = {isa = PBXFileReference; fileEncoding = 4; lastKnownFileType = sourcecode.swift; path = IDMSettingsController.swift; sourceTree = "<group>"; };
		8CA1A22F1E895441008651B5 /* IDMSettingsController.xib */ = {isa = PBXFileReference; fileEncoding = 4; lastKnownFileType = file.xib; path = IDMSettingsController.xib; sourceTree = "<group>"; };
		8CA1A2321E895B25008651B5 /* IDMSettingsManager.swift */ = {isa = PBXFileReference; fileEncoding = 4; lastKnownFileType = sourcecode.swift; path = IDMSettingsManager.swift; sourceTree = "<group>"; };
		8CA1A2341E898551008651B5 /* IDMSlideBarRowView.swift */ = {isa = PBXFileReference; fileEncoding = 4; lastKnownFileType = sourcecode.swift; path = IDMSlideBarRowView.swift; sourceTree = "<group>"; };
		8CA1A2361E898CE5008651B5 /* IDMSideBarMousExitDetectionView.swift */ = {isa = PBXFileReference; fileEncoding = 4; lastKnownFileType = sourcecode.swift; path = IDMSideBarMousExitDetectionView.swift; sourceTree = "<group>"; };
		8CA1A2381E899B0B008651B5 /* IDMMenuHelper.swift */ = {isa = PBXFileReference; fileEncoding = 4; lastKnownFileType = sourcecode.swift; path = IDMMenuHelper.swift; sourceTree = "<group>"; };
		8CA83AEC1E7EF0F000E030EB /* IDMSegmentDownloader.swift */ = {isa = PBXFileReference; fileEncoding = 4; lastKnownFileType = sourcecode.swift; path = IDMSegmentDownloader.swift; sourceTree = "<group>"; };
		8CBFC7631E8AA04200D1BBB3 /* IDMDragLinkDetectorView.swift */ = {isa = PBXFileReference; fileEncoding = 4; lastKnownFileType = sourcecode.swift; path = IDMDragLinkDetectorView.swift; sourceTree = "<group>"; };
		8CC96DBE1E82C3B6001392A8 /* iDownloaderTests.xctest */ = {isa = PBXFileReference; explicitFileType = wrapper.cfbundle; includeInIndex = 0; path = iDownloaderTests.xctest; sourceTree = BUILT_PRODUCTS_DIR; };
		8CC96DBF1E82C3B6001392A8 /* iDownloaderUITests.xctest */ = {isa = PBXFileReference; explicitFileType = wrapper.cfbundle; includeInIndex = 0; path = iDownloaderUITests.xctest; sourceTree = BUILT_PRODUCTS_DIR; };
		8CDB78CA1E7D466D00314F52 /* NSColorExtension.swift */ = {isa = PBXFileReference; fileEncoding = 4; lastKnownFileType = sourcecode.swift; path = NSColorExtension.swift; sourceTree = "<group>"; };
		8CDB78CD1E7D4F8500314F52 /* IDMAddDownloadButton.swift */ = {isa = PBXFileReference; fileEncoding = 4; lastKnownFileType = sourcecode.swift; path = IDMAddDownloadButton.swift; sourceTree = "<group>"; };
		8CDB78CF1E7D51D200314F52 /* IDMMouseTrackingButton.swift */ = {isa = PBXFileReference; fileEncoding = 4; lastKnownFileType = sourcecode.swift; path = IDMMouseTrackingButton.swift; sourceTree = "<group>"; };
		8CDB78D11E7D544000314F52 /* IDMCustomGreenButton.swift */ = {isa = PBXFileReference; fileEncoding = 4; lastKnownFileType = sourcecode.swift; path = IDMCustomGreenButton.swift; sourceTree = "<group>"; };
		8CDB78D31E7D549600314F52 /* FoundationExtension.swift */ = {isa = PBXFileReference; fileEncoding = 4; lastKnownFileType = sourcecode.swift; path = FoundationExtension.swift; sourceTree = "<group>"; };
		8CDB78D51E7D5CAB00314F52 /* IDMSideBarRow.swift */ = {isa = PBXFileReference; fileEncoding = 4; lastKnownFileType = sourcecode.swift; path = IDMSideBarRow.swift; sourceTree = "<group>"; };
		8CDB78D71E7D972E00314F52 /* IDMStringExtension.swift */ = {isa = PBXFileReference; fileEncoding = 4; lastKnownFileType = sourcecode.swift; path = IDMStringExtension.swift; sourceTree = "<group>"; };
		8CDB78D91E7D9AB900314F52 /* IDMMouseEventBlockingView.swift */ = {isa = PBXFileReference; fileEncoding = 4; lastKnownFileType = sourcecode.swift; path = IDMMouseEventBlockingView.swift; sourceTree = "<group>"; };
		8CDB78DC1E7D9B6E00314F52 /* IDMFileTypeHelper.swift */ = {isa = PBXFileReference; fileEncoding = 4; lastKnownFileType = sourcecode.swift; path = IDMFileTypeHelper.swift; sourceTree = "<group>"; };
		8CDB78DE1E7DABA000314F52 /* IDMTextFieldContainer.swift */ = {isa = PBXFileReference; fileEncoding = 4; lastKnownFileType = sourcecode.swift; path = IDMTextFieldContainer.swift; sourceTree = "<group>"; };
		8CDB78E01E7DAC2500314F52 /* IDMHighligtingButton.swift */ = {isa = PBXFileReference; fileEncoding = 4; lastKnownFileType = sourcecode.swift; path = IDMHighligtingButton.swift; sourceTree = "<group>"; };
		8CDB78E41E7DB91800314F52 /* IDMPopupView.swift */ = {isa = PBXFileReference; fileEncoding = 4; lastKnownFileType = sourcecode.swift; path = IDMPopupView.swift; sourceTree = "<group>"; };
		8CDB78E61E7E3EC900314F52 /* IDMAddDownloadPopUP.swift */ = {isa = PBXFileReference; fileEncoding = 4; lastKnownFileType = sourcecode.swift; path = IDMAddDownloadPopUP.swift; sourceTree = "<group>"; };
		8CDB78E91E7E412400314F52 /* IDMFileManager.swift */ = {isa = PBXFileReference; fileEncoding = 4; lastKnownFileType = sourcecode.swift; path = IDMFileManager.swift; sourceTree = "<group>"; };
		8CDB78EB1E7E457300314F52 /* iDownloader.entitlements */ = {isa = PBXFileReference; lastKnownFileType = text.plist.entitlements; path = iDownloader.entitlements; sourceTree = "<group>"; };
		8CE9F77C1E7E5CAD005034A3 /* IDMDownloadHeaderFetchHelper.swift */ = {isa = PBXFileReference; fileEncoding = 4; lastKnownFileType = sourcecode.swift; path = IDMDownloadHeaderFetchHelper.swift; sourceTree = "<group>"; };
		8CE9F77F1E7E69AE005034A3 /* iDownloader-Bridging-Header.h */ = {isa = PBXFileReference; lastKnownFileType = sourcecode.c.h; path = "iDownloader-Bridging-Header.h"; sourceTree = "<group>"; };
		8CE9F7801E7E69AF005034A3 /* Reachability.h */ = {isa = PBXFileReference; fileEncoding = 4; lastKnownFileType = sourcecode.c.h; name = Reachability.h; path = ../../../Downloads/Reachability/Reachability/Reachability.h; sourceTree = "<group>"; };
		8CE9F7811E7E69AF005034A3 /* Reachability.m */ = {isa = PBXFileReference; fileEncoding = 4; lastKnownFileType = sourcecode.c.objc; name = Reachability.m; path = ../../../Downloads/Reachability/Reachability/Reachability.m; sourceTree = "<group>"; };
		8CE9F7841E7E6A23005034A3 /* SystemConfiguration.framework */ = {isa = PBXFileReference; lastKnownFileType = wrapper.framework; name = SystemConfiguration.framework; path = System/Library/Frameworks/SystemConfiguration.framework; sourceTree = SDKROOT; };
		8CE9F7861E7E6A5A005034A3 /* IDMReachability.swift */ = {isa = PBXFileReference; fileEncoding = 4; lastKnownFileType = sourcecode.swift; path = IDMReachability.swift; sourceTree = "<group>"; };
		8CE9F7881E7E70A4005034A3 /* IDMFileDownloadDataHelper.swift */ = {isa = PBXFileReference; fileEncoding = 4; lastKnownFileType = sourcecode.swift; path = IDMFileDownloadDataHelper.swift; sourceTree = "<group>"; };
		8CE9F78A1E7E70B0005034A3 /* IDMFileDownloadUIHelper.swift */ = {isa = PBXFileReference; fileEncoding = 4; lastKnownFileType = sourcecode.swift; path = IDMFileDownloadUIHelper.swift; sourceTree = "<group>"; };
		8CE9F78C1E7E76AF005034A3 /* IDMFileDownloadController.swift */ = {isa = PBXFileReference; fileEncoding = 4; lastKnownFileType = sourcecode.swift; path = IDMFileDownloadController.swift; sourceTree = "<group>"; };
		8CE9F78D1E7E76AF005034A3 /* IDMFileDownloadController.xib */ = {isa = PBXFileReference; fileEncoding = 4; lastKnownFileType = file.xib; path = IDMFileDownloadController.xib; sourceTree = "<group>"; };
		8CE9F7911E7E81D2005034A3 /* IDMCoreDataHelper.swift */ = {isa = PBXFileReference; fileEncoding = 4; lastKnownFileType = sourcecode.swift; path = IDMCoreDataHelper.swift; sourceTree = "<group>"; };
/* End PBXFileReference section */

/* Begin PBXFrameworksBuildPhase section */
		8C6754451E7CFC390044FFA5 /* Frameworks */ = {
			isa = PBXFrameworksBuildPhase;
			buildActionMask = 2147483647;
			files = (
				8CE9F7851E7E6A23005034A3 /* SystemConfiguration.framework in Frameworks */,
				8C1DC4FA1E8FAF7800CB819A /* Crashlytics.framework in Frameworks */,
				8C1DC4F91E8FAF7800CB819A /* Fabric.framework in Frameworks */,
			);
			runOnlyForDeploymentPostprocessing = 0;
		};
		8C6754591E7CFC390044FFA5 /* Frameworks */ = {
			isa = PBXFrameworksBuildPhase;
			buildActionMask = 2147483647;
			files = (
			);
			runOnlyForDeploymentPostprocessing = 0;
		};
		8C6754641E7CFC390044FFA5 /* Frameworks */ = {
			isa = PBXFrameworksBuildPhase;
			buildActionMask = 2147483647;
			files = (
			);
			runOnlyForDeploymentPostprocessing = 0;
		};
/* End PBXFrameworksBuildPhase section */

/* Begin PBXGroup section */
		8C10CE571E8846C400A1E5F7 /* Notification */ = {
			isa = PBXGroup;
			children = (
				8C10CE581E8846D700A1E5F7 /* IDMLocalNotificationHelper.swift */,
			);
			name = Notification;
			sourceTree = "<group>";
		};
		8C3879C51E87FB3D002F5D69 /* Download Complete popup */ = {
			isa = PBXGroup;
			children = (
				8C3879C61E87FB61002F5D69 /* IDMWindowController.swift */,
				8C3879C71E87FB61002F5D69 /* IDMWindowController.xib */,
				8C10CE4D1E87FED500A1E5F7 /* IDMDownloadCompleteViewController.swift */,
				8C10CE4E1E87FED500A1E5F7 /* IDMDownloadCompleteViewController.xib */,
			);
			name = "Download Complete popup";
			sourceTree = "<group>";
		};
		8C528B8C1E804ABB00076550 /* Utilities */ = {
			isa = PBXGroup;
			children = (
				8C528B8D1E804AE300076550 /* IDMUtilities.swift */,
				8C7F44CE1E844496008E7060 /* IDMFileHandler.swift */,
				8C1DC4FB1E8FB2E000CB819A /* IDMAnalyticsHelper.swift */,
			);
			name = Utilities;
			sourceTree = "<group>";
		};
		8C67543F1E7CFC390044FFA5 = {
			isa = PBXGroup;
			children = (
				8C67544A1E7CFC390044FFA5 /* iDownloader */,
				8CE9F7831E7E6A23005034A3 /* Frameworks */,
				8C528B891E8037ED00076550 /* iDownloader.app */,
				8CC96DBE1E82C3B6001392A8 /* iDownloaderTests.xctest */,
				8CC96DBF1E82C3B6001392A8 /* iDownloaderUITests.xctest */,
			);
			sourceTree = "<group>";
		};
		8C67544A1E7CFC390044FFA5 /* iDownloader */ = {
			isa = PBXGroup;
			children = (
				8CA1A22D1E895428008651B5 /* Settings */,
				8C10CE571E8846C400A1E5F7 /* Notification */,
				8C3879C51E87FB3D002F5D69 /* Download Complete popup */,
				8C528B8C1E804ABB00076550 /* Utilities */,
				8CE9F7901E7E816F005034A3 /* Core data */,
				8CE9F77E1E7E699A005034A3 /* Rechability */,
				8CE9F77B1E7E5C80005034A3 /* Download Api helper */,
				8C89AF371E7E599E00215038 /* Download Controller */,
				8CDB78E81E7E411300314F52 /* FileManager */,
				8CDB78DB1E7D9B5A00314F52 /* Data Manager */,
				8CDB78CC1E7D4F6F00314F52 /* Custom UI Elements */,
				8CA0C70D1E7D4266002EA6D6 /* Cocoa Extensions */,
				8CA0C6F21E7D395B002EA6D6 /* AppController */,
				8CA0C6F81E7D3AF2002EA6D6 /* Supporting Files */,
				8CA0C70C1E7D4208002EA6D6 /* ViewControllers */,
			);
			path = iDownloader;
			sourceTree = "<group>";
		};
		8C89AF331E7E581900215038 /* ParentController */ = {
			isa = PBXGroup;
			children = (
				8CA0C6F91E7D3B20002EA6D6 /* IDMParentViewController.swift */,
				8CA0C6FA1E7D3B20002EA6D6 /* IDMParentViewController.xib */,
				8CDB78E61E7E3EC900314F52 /* IDMAddDownloadPopUP.swift */,
				8CA1A2341E898551008651B5 /* IDMSlideBarRowView.swift */,
				8CA1A2361E898CE5008651B5 /* IDMSideBarMousExitDetectionView.swift */,
				8CBFC7631E8AA04200D1BBB3 /* IDMDragLinkDetectorView.swift */,
			);
			name = ParentController;
			sourceTree = "<group>";
		};
		8C89AF341E7E582D00215038 /* HeaderController */ = {
			isa = PBXGroup;
			children = (
				8CA0C6FD1E7D3C72002EA6D6 /* IDMHeaderViewController.swift */,
				8CA0C6FE1E7D3C72002EA6D6 /* IDMHeaderViewController.xib */,
			);
			name = HeaderController;
			sourceTree = "<group>";
		};
		8C89AF351E7E583700215038 /* SideBarController */ = {
			isa = PBXGroup;
			children = (
				8CDB78D51E7D5CAB00314F52 /* IDMSideBarRow.swift */,
				8CA0C7011E7D3CAA002EA6D6 /* IDMSideBarController.swift */,
				8CA0C7021E7D3CAA002EA6D6 /* IDMSideBarController.xib */,
			);
			name = SideBarController;
			sourceTree = "<group>";
		};
		8C89AF361E7E584700215038 /* DownloadListController */ = {
			isa = PBXGroup;
			children = (
				8CA0C7051E7D3CFA002EA6D6 /* IDMDownloadListController.swift */,
				8CA0C7061E7D3CFA002EA6D6 /* IDMDownloadListController.xib */,
			);
			name = DownloadListController;
			sourceTree = "<group>";
		};
		8C89AF371E7E599E00215038 /* Download Controller */ = {
			isa = PBXGroup;
			children = (
				8CE9F7881E7E70A4005034A3 /* IDMFileDownloadDataHelper.swift */,
				8CE9F78A1E7E70B0005034A3 /* IDMFileDownloadUIHelper.swift */,
				8CE9F78C1E7E76AF005034A3 /* IDMFileDownloadController.swift */,
				8CE9F78D1E7E76AF005034A3 /* IDMFileDownloadController.xib */,
				8CA83AEC1E7EF0F000E030EB /* IDMSegmentDownloader.swift */,
				8C10CE511E8803DD00A1E5F7 /* IDMFiledownloaderView.swift */,
			);
			name = "Download Controller";
			sourceTree = "<group>";
		};
		8CA0C6F21E7D395B002EA6D6 /* AppController */ = {
			isa = PBXGroup;
			children = (
				8C67544B1E7CFC390044FFA5 /* AppDelegate.swift */,
				8CA0C6F51E7D397F002EA6D6 /* IDMAppController.swift */,
				8CA1A2381E899B0B008651B5 /* IDMMenuHelper.swift */,
			);
			name = AppController;
			path = ..;
			sourceTree = "<group>";
		};
		8CA0C6F81E7D3AF2002EA6D6 /* Supporting Files */ = {
			isa = PBXGroup;
			children = (
				8CA0C70B1E7D3D78002EA6D6 /* App Launch */,
				8C6754521E7CFC390044FFA5 /* Assets.xcassets */,
				8C6754571E7CFC390044FFA5 /* Info.plist */,
				8C67544F1E7CFC390044FFA5 /* iDownloader.xcdatamodeld */,
				8CDB78EB1E7E457300314F52 /* iDownloader.entitlements */,
			);
			name = "Supporting Files";
			sourceTree = "<group>";
		};
		8CA0C70B1E7D3D78002EA6D6 /* App Launch */ = {
			isa = PBXGroup;
			children = (
				8C6754541E7CFC390044FFA5 /* Main.storyboard */,
				8C67544D1E7CFC390044FFA5 /* ViewController.swift */,
				8CA0C7091E7D3D5A002EA6D6 /* IDMMailWindowController.swift */,
			);
			name = "App Launch";
			sourceTree = "<group>";
		};
		8CA0C70C1E7D4208002EA6D6 /* ViewControllers */ = {
			isa = PBXGroup;
			children = (
				8C89AF331E7E581900215038 /* ParentController */,
				8C89AF341E7E582D00215038 /* HeaderController */,
				8C89AF351E7E583700215038 /* SideBarController */,
				8C89AF361E7E584700215038 /* DownloadListController */,
			);
			name = ViewControllers;
			sourceTree = "<group>";
		};
		8CA0C70D1E7D4266002EA6D6 /* Cocoa Extensions */ = {
			isa = PBXGroup;
			children = (
				8CA0C70E1E7D427E002EA6D6 /* NSViewExtension.swift */,
				8CDB78CA1E7D466D00314F52 /* NSColorExtension.swift */,
				8CDB78D31E7D549600314F52 /* FoundationExtension.swift */,
				8CDB78D71E7D972E00314F52 /* IDMStringExtension.swift */,
				8C49D19B1E87FC9600DD3362 /* NSWindowExtension.swift */,
				8C10CE551E881B3E00A1E5F7 /* IDMScrollViewExtension.swift */,
			);
			name = "Cocoa Extensions";
			sourceTree = "<group>";
		};
		8CA1A22D1E895428008651B5 /* Settings */ = {
			isa = PBXGroup;
			children = (
				8CA1A22E1E895441008651B5 /* IDMSettingsController.swift */,
				8CA1A22F1E895441008651B5 /* IDMSettingsController.xib */,
				8CA1A2321E895B25008651B5 /* IDMSettingsManager.swift */,
			);
			name = Settings;
			sourceTree = "<group>";
		};
		8CDB78CC1E7D4F6F00314F52 /* Custom UI Elements */ = {
			isa = PBXGroup;
			children = (
				8CDB78CD1E7D4F8500314F52 /* IDMAddDownloadButton.swift */,
				8C7F44C61E842157008E7060 /* BaseView.swift */,
				8C7F44C71E842157008E7060 /* CircularProgressView.swift */,
				8C7F44C81E842157008E7060 /* DeterminateAnimation.swift */,
				8C7F44C91E842157008E7060 /* ProgressUtils.swift */,
				8CDB78CF1E7D51D200314F52 /* IDMMouseTrackingButton.swift */,
				8CDB78D11E7D544000314F52 /* IDMCustomGreenButton.swift */,
				8CDB78D91E7D9AB900314F52 /* IDMMouseEventBlockingView.swift */,
				8CDB78DE1E7DABA000314F52 /* IDMTextFieldContainer.swift */,
				8CDB78E01E7DAC2500314F52 /* IDMHighligtingButton.swift */,
				8CDB78E41E7DB91800314F52 /* IDMPopupView.swift */,
				8C528B8F1E804CE100076550 /* IDMFlippedViewOfScollView.swift */,
				8C10CE531E8811D000A1E5F7 /* IDMHighlightingButton.swift */,
			);
			name = "Custom UI Elements";
			sourceTree = "<group>";
		};
		8CDB78DB1E7D9B5A00314F52 /* Data Manager */ = {
			isa = PBXGroup;
			children = (
				8CDB78DC1E7D9B6E00314F52 /* IDMFileTypeHelper.swift */,
			);
			name = "Data Manager";
			sourceTree = "<group>";
		};
		8CDB78E81E7E411300314F52 /* FileManager */ = {
			isa = PBXGroup;
			children = (
				8CDB78E91E7E412400314F52 /* IDMFileManager.swift */,
			);
			name = FileManager;
			sourceTree = "<group>";
		};
		8CE9F77B1E7E5C80005034A3 /* Download Api helper */ = {
			isa = PBXGroup;
			children = (
				8CE9F77C1E7E5CAD005034A3 /* IDMDownloadHeaderFetchHelper.swift */,
			);
			name = "Download Api helper";
			sourceTree = "<group>";
		};
		8CE9F77E1E7E699A005034A3 /* Rechability */ = {
			isa = PBXGroup;
			children = (
				8CE9F7801E7E69AF005034A3 /* Reachability.h */,
				8CE9F7811E7E69AF005034A3 /* Reachability.m */,
				8CE9F77F1E7E69AE005034A3 /* iDownloader-Bridging-Header.h */,
				8CE9F7861E7E6A5A005034A3 /* IDMReachability.swift */,
			);
			name = Rechability;
			sourceTree = "<group>";
		};
		8CE9F7831E7E6A23005034A3 /* Frameworks */ = {
			isa = PBXGroup;
			children = (
				8C1DC4F71E8FAF7800CB819A /* Fabric.framework */,
				8C1DC4F81E8FAF7800CB819A /* Crashlytics.framework */,
				8CE9F7841E7E6A23005034A3 /* SystemConfiguration.framework */,
			);
			name = Frameworks;
			sourceTree = "<group>";
		};
		8CE9F7901E7E816F005034A3 /* Core data */ = {
			isa = PBXGroup;
			children = (
				8CE9F7911E7E81D2005034A3 /* IDMCoreDataHelper.swift */,
			);
			name = "Core data";
			sourceTree = "<group>";
		};
/* End PBXGroup section */

/* Begin PBXNativeTarget section */
		8C6754471E7CFC390044FFA5 /* iDownloader */ = {
			isa = PBXNativeTarget;
			buildConfigurationList = 8C6754701E7CFC390044FFA5 /* Build configuration list for PBXNativeTarget "iDownloader" */;
			buildPhases = (
				8C6754441E7CFC390044FFA5 /* Sources */,
				8C6754451E7CFC390044FFA5 /* Frameworks */,
				8C6754461E7CFC390044FFA5 /* Resources */,
				8C1DC4F61E8FAF4300CB819A /* ShellScript */,
			);
			buildRules = (
			);
			dependencies = (
			);
			name = iDownloader;
			productName = iDownloader;
			productReference = 8C528B891E8037ED00076550 /* iDownloader.app */;
			productType = "com.apple.product-type.application";
		};
		8C67545B1E7CFC390044FFA5 /* iDownloaderTests */ = {
			isa = PBXNativeTarget;
			buildConfigurationList = 8C6754731E7CFC390044FFA5 /* Build configuration list for PBXNativeTarget "iDownloaderTests" */;
			buildPhases = (
				8C6754581E7CFC390044FFA5 /* Sources */,
				8C6754591E7CFC390044FFA5 /* Frameworks */,
				8C67545A1E7CFC390044FFA5 /* Resources */,
			);
			buildRules = (
			);
			dependencies = (
				8C67545E1E7CFC390044FFA5 /* PBXTargetDependency */,
			);
			name = iDownloaderTests;
			productName = iDownloaderTests;
			productReference = 8CC96DBE1E82C3B6001392A8 /* iDownloaderTests.xctest */;
			productType = "com.apple.product-type.bundle.unit-test";
		};
		8C6754661E7CFC390044FFA5 /* iDownloaderUITests */ = {
			isa = PBXNativeTarget;
			buildConfigurationList = 8C6754761E7CFC390044FFA5 /* Build configuration list for PBXNativeTarget "iDownloaderUITests" */;
			buildPhases = (
				8C6754631E7CFC390044FFA5 /* Sources */,
				8C6754641E7CFC390044FFA5 /* Frameworks */,
				8C6754651E7CFC390044FFA5 /* Resources */,
			);
			buildRules = (
			);
			dependencies = (
				8C6754691E7CFC390044FFA5 /* PBXTargetDependency */,
			);
			name = iDownloaderUITests;
			productName = iDownloaderUITests;
			productReference = 8CC96DBF1E82C3B6001392A8 /* iDownloaderUITests.xctest */;
			productType = "com.apple.product-type.bundle.ui-testing";
		};
/* End PBXNativeTarget section */

/* Begin PBXProject section */
		8C6754401E7CFC390044FFA5 /* Project object */ = {
			isa = PBXProject;
			attributes = {
				LastSwiftUpdateCheck = 0820;
				LastUpgradeCheck = 0820;
				ORGANIZATIONNAME = "Abhishek Pandey";
				TargetAttributes = {
					8C6754471E7CFC390044FFA5 = {
						CreatedOnToolsVersion = 8.2.1;
						DevelopmentTeam = RR2E3EH7YW;
						LastSwiftMigration = 0820;
						ProvisioningStyle = Automatic;
						SystemCapabilities = {
							com.apple.Sandbox = {
								enabled = 1;
							};
						};
					};
					8C67545B1E7CFC390044FFA5 = {
						CreatedOnToolsVersion = 8.2.1;
						DevelopmentTeam = RR2E3EH7YW;
						ProvisioningStyle = Automatic;
						TestTargetID = 8C6754471E7CFC390044FFA5;
					};
					8C6754661E7CFC390044FFA5 = {
						CreatedOnToolsVersion = 8.2.1;
						DevelopmentTeam = RR2E3EH7YW;
						ProvisioningStyle = Automatic;
						TestTargetID = 8C6754471E7CFC390044FFA5;
					};
				};
			};
			buildConfigurationList = 8C6754431E7CFC390044FFA5 /* Build configuration list for PBXProject "iDownloader" */;
			compatibilityVersion = "Xcode 3.2";
			developmentRegion = English;
			hasScannedForEncodings = 0;
			knownRegions = (
				en,
				Base,
			);
			mainGroup = 8C67543F1E7CFC390044FFA5;
			productRefGroup = 8C67543F1E7CFC390044FFA5;
			projectDirPath = "";
			projectRoot = "";
			targets = (
				8C6754471E7CFC390044FFA5 /* iDownloader */,
				8C67545B1E7CFC390044FFA5 /* iDownloaderTests */,
				8C6754661E7CFC390044FFA5 /* iDownloaderUITests */,
			);
		};
/* End PBXProject section */

/* Begin PBXResourcesBuildPhase section */
		8C6754461E7CFC390044FFA5 /* Resources */ = {
			isa = PBXResourcesBuildPhase;
			buildActionMask = 2147483647;
			files = (
				8C6754531E7CFC390044FFA5 /* Assets.xcassets in Resources */,
				8C10CE501E87FED500A1E5F7 /* IDMDownloadCompleteViewController.xib in Resources */,
				8CA0C7041E7D3CAA002EA6D6 /* IDMSideBarController.xib in Resources */,
				8CA0C7081E7D3CFA002EA6D6 /* IDMDownloadListController.xib in Resources */,
				8C6754561E7CFC390044FFA5 /* Main.storyboard in Resources */,
				8CA1A2311E895441008651B5 /* IDMSettingsController.xib in Resources */,
				8CA0C7001E7D3C72002EA6D6 /* IDMHeaderViewController.xib in Resources */,
				8CA0C6FC1E7D3B20002EA6D6 /* IDMParentViewController.xib in Resources */,
				8C3879C91E87FB61002F5D69 /* IDMWindowController.xib in Resources */,
				8CE9F78F1E7E76AF005034A3 /* IDMFileDownloadController.xib in Resources */,
			);
			runOnlyForDeploymentPostprocessing = 0;
		};
		8C67545A1E7CFC390044FFA5 /* Resources */ = {
			isa = PBXResourcesBuildPhase;
			buildActionMask = 2147483647;
			files = (
			);
			runOnlyForDeploymentPostprocessing = 0;
		};
		8C6754651E7CFC390044FFA5 /* Resources */ = {
			isa = PBXResourcesBuildPhase;
			buildActionMask = 2147483647;
			files = (
			);
			runOnlyForDeploymentPostprocessing = 0;
		};
/* End PBXResourcesBuildPhase section */

/* Begin PBXShellScriptBuildPhase section */
		8C1DC4F61E8FAF4300CB819A /* ShellScript */ = {
			isa = PBXShellScriptBuildPhase;
			buildActionMask = 2147483647;
			files = (
			);
			inputPaths = (
			);
			outputPaths = (
			);
			runOnlyForDeploymentPostprocessing = 0;
			shellPath = /bin/sh;
			shellScript = "./Fabric.framework/run f7a7df8686064516c6c3baed9a392590f69eed06 800a71316c536dcb081e2015957db6221f9c832f179fdb106ada233d95c09523";
		};
/* End PBXShellScriptBuildPhase section */

/* Begin PBXSourcesBuildPhase section */
		8C6754441E7CFC390044FFA5 /* Sources */ = {
			isa = PBXSourcesBuildPhase;
			buildActionMask = 2147483647;
			files = (
				8CA0C6F61E7D397F002EA6D6 /* IDMAppController.swift in Sources */,
				8C7F44CF1E844496008E7060 /* IDMFileHandler.swift in Sources */,
				8C3879C81E87FB61002F5D69 /* IDMWindowController.swift in Sources */,
				8CDB78CB1E7D466D00314F52 /* NSColorExtension.swift in Sources */,
				8CDB78D01E7D51D200314F52 /* IDMMouseTrackingButton.swift in Sources */,
				8CA0C7031E7D3CAA002EA6D6 /* IDMSideBarController.swift in Sources */,
				8CA0C70A1E7D3D5A002EA6D6 /* IDMMailWindowController.swift in Sources */,
				8CBFC7641E8AA04200D1BBB3 /* IDMDragLinkDetectorView.swift in Sources */,
				8CDB78E11E7DAC2500314F52 /* IDMHighligtingButton.swift in Sources */,
				8CDB78E51E7DB91800314F52 /* IDMPopupView.swift in Sources */,
				8CA1A2331E895B25008651B5 /* IDMSettingsManager.swift in Sources */,
				8CE9F78B1E7E70B0005034A3 /* IDMFileDownloadUIHelper.swift in Sources */,
				8C10CE591E8846D700A1E5F7 /* IDMLocalNotificationHelper.swift in Sources */,
				8C528B901E804CE100076550 /* IDMFlippedViewOfScollView.swift in Sources */,
				8C10CE561E881B3E00A1E5F7 /* IDMScrollViewExtension.swift in Sources */,
				8CDB78CE1E7D4F8500314F52 /* IDMAddDownloadButton.swift in Sources */,
				8C7F44CB1E842157008E7060 /* CircularProgressView.swift in Sources */,
				8CE9F7921E7E81D2005034A3 /* IDMCoreDataHelper.swift in Sources */,
				8C10CE4F1E87FED500A1E5F7 /* IDMDownloadCompleteViewController.swift in Sources */,
				8C67544E1E7CFC390044FFA5 /* ViewController.swift in Sources */,
				8CDB78D81E7D972E00314F52 /* IDMStringExtension.swift in Sources */,
				8CE9F7871E7E6A5A005034A3 /* IDMReachability.swift in Sources */,
				8CDB78D21E7D544000314F52 /* IDMCustomGreenButton.swift in Sources */,
				8CDB78DD1E7D9B6E00314F52 /* IDMFileTypeHelper.swift in Sources */,
				8C49D19C1E87FC9600DD3362 /* NSWindowExtension.swift in Sources */,
				8CA1A2351E898551008651B5 /* IDMSlideBarRowView.swift in Sources */,
				8CE9F78E1E7E76AF005034A3 /* IDMFileDownloadController.swift in Sources */,
				8C10CE541E8811D000A1E5F7 /* IDMHighlightingButton.swift in Sources */,
				8CDB78EA1E7E412400314F52 /* IDMFileManager.swift in Sources */,
				8CA83AED1E7EF0F000E030EB /* IDMSegmentDownloader.swift in Sources */,
				8CA0C6FF1E7D3C72002EA6D6 /* IDMHeaderViewController.swift in Sources */,
				8CA0C7071E7D3CFA002EA6D6 /* IDMDownloadListController.swift in Sources */,
				8CDB78DF1E7DABA000314F52 /* IDMTextFieldContainer.swift in Sources */,
				8CDB78DA1E7D9AB900314F52 /* IDMMouseEventBlockingView.swift in Sources */,
				8C7F44CC1E842157008E7060 /* DeterminateAnimation.swift in Sources */,
				8CA1A2301E895441008651B5 /* IDMSettingsController.swift in Sources */,
				8CE9F77D1E7E5CAD005034A3 /* IDMDownloadHeaderFetchHelper.swift in Sources */,
				8CDB78D61E7D5CAB00314F52 /* IDMSideBarRow.swift in Sources */,
				8C67544C1E7CFC390044FFA5 /* AppDelegate.swift in Sources */,
				8CA0C70F1E7D427E002EA6D6 /* NSViewExtension.swift in Sources */,
				8C6754511E7CFC390044FFA5 /* iDownloader.xcdatamodeld in Sources */,
				8CA1A2391E899B0B008651B5 /* IDMMenuHelper.swift in Sources */,
				8CA1A2371E898CE5008651B5 /* IDMSideBarMousExitDetectionView.swift in Sources */,
				8C10CE521E8803DD00A1E5F7 /* IDMFiledownloaderView.swift in Sources */,
				8CDB78D41E7D549600314F52 /* FoundationExtension.swift in Sources */,
				8CA0C6FB1E7D3B20002EA6D6 /* IDMParentViewController.swift in Sources */,
				8C7F44CD1E842157008E7060 /* ProgressUtils.swift in Sources */,
				8CE9F7891E7E70A4005034A3 /* IDMFileDownloadDataHelper.swift in Sources */,
				8C1DC4FC1E8FB2E000CB819A /* IDMAnalyticsHelper.swift in Sources */,
				8CE9F7821E7E69AF005034A3 /* Reachability.m in Sources */,
				8C7F44CA1E842157008E7060 /* BaseView.swift in Sources */,
				8C528B8E1E804AE300076550 /* IDMUtilities.swift in Sources */,
				8CDB78E71E7E3EC900314F52 /* IDMAddDownloadPopUP.swift in Sources */,
			);
			runOnlyForDeploymentPostprocessing = 0;
		};
		8C6754581E7CFC390044FFA5 /* Sources */ = {
			isa = PBXSourcesBuildPhase;
			buildActionMask = 2147483647;
			files = (
			);
			runOnlyForDeploymentPostprocessing = 0;
		};
		8C6754631E7CFC390044FFA5 /* Sources */ = {
			isa = PBXSourcesBuildPhase;
			buildActionMask = 2147483647;
			files = (
			);
			runOnlyForDeploymentPostprocessing = 0;
		};
/* End PBXSourcesBuildPhase section */

/* Begin PBXTargetDependency section */
		8C67545E1E7CFC390044FFA5 /* PBXTargetDependency */ = {
			isa = PBXTargetDependency;
			target = 8C6754471E7CFC390044FFA5 /* iDownloader */;
			targetProxy = 8C67545D1E7CFC390044FFA5 /* PBXContainerItemProxy */;
		};
		8C6754691E7CFC390044FFA5 /* PBXTargetDependency */ = {
			isa = PBXTargetDependency;
			target = 8C6754471E7CFC390044FFA5 /* iDownloader */;
			targetProxy = 8C6754681E7CFC390044FFA5 /* PBXContainerItemProxy */;
		};
/* End PBXTargetDependency section */

/* Begin PBXVariantGroup section */
		8C6754541E7CFC390044FFA5 /* Main.storyboard */ = {
			isa = PBXVariantGroup;
			children = (
				8C6754551E7CFC390044FFA5 /* Base */,
			);
			name = Main.storyboard;
			sourceTree = "<group>";
		};
/* End PBXVariantGroup section */

/* Begin XCBuildConfiguration section */
		8C67546E1E7CFC390044FFA5 /* Debug */ = {
			isa = XCBuildConfiguration;
			buildSettings = {
				ALWAYS_SEARCH_USER_PATHS = NO;
				CLANG_ANALYZER_NONNULL = YES;
				CLANG_CXX_LANGUAGE_STANDARD = "gnu++0x";
				CLANG_CXX_LIBRARY = "libc++";
				CLANG_ENABLE_MODULES = YES;
				CLANG_ENABLE_OBJC_ARC = YES;
				CLANG_WARN_BOOL_CONVERSION = YES;
				CLANG_WARN_CONSTANT_CONVERSION = YES;
				CLANG_WARN_DIRECT_OBJC_ISA_USAGE = YES_ERROR;
				CLANG_WARN_DOCUMENTATION_COMMENTS = YES;
				CLANG_WARN_EMPTY_BODY = YES;
				CLANG_WARN_ENUM_CONVERSION = YES;
				CLANG_WARN_INFINITE_RECURSION = YES;
				CLANG_WARN_INT_CONVERSION = YES;
				CLANG_WARN_OBJC_ROOT_CLASS = YES_ERROR;
				CLANG_WARN_SUSPICIOUS_MOVE = YES;
				CLANG_WARN_UNREACHABLE_CODE = YES;
				CLANG_WARN__DUPLICATE_METHOD_MATCH = YES;
				CODE_SIGN_IDENTITY = "-";
				COPY_PHASE_STRIP = NO;
				DEBUG_INFORMATION_FORMAT = dwarf;
				ENABLE_STRICT_OBJC_MSGSEND = YES;
				ENABLE_TESTABILITY = YES;
				GCC_C_LANGUAGE_STANDARD = gnu99;
				GCC_DYNAMIC_NO_PIC = NO;
				GCC_NO_COMMON_BLOCKS = YES;
				GCC_OPTIMIZATION_LEVEL = 0;
				GCC_PREPROCESSOR_DEFINITIONS = (
					"DEBUG=1",
					"$(inherited)",
				);
				GCC_WARN_64_TO_32_BIT_CONVERSION = YES;
				GCC_WARN_ABOUT_RETURN_TYPE = YES_ERROR;
				GCC_WARN_UNDECLARED_SELECTOR = YES;
				GCC_WARN_UNINITIALIZED_AUTOS = YES_AGGRESSIVE;
				GCC_WARN_UNUSED_FUNCTION = YES;
				GCC_WARN_UNUSED_VARIABLE = YES;
				MACOSX_DEPLOYMENT_TARGET = 10.12;
				MTL_ENABLE_DEBUG_INFO = YES;
				ONLY_ACTIVE_ARCH = YES;
				SDKROOT = macosx;
				SWIFT_ACTIVE_COMPILATION_CONDITIONS = DEBUG;
				SWIFT_OPTIMIZATION_LEVEL = "-Onone";
			};
			name = Debug;
		};
		8C67546F1E7CFC390044FFA5 /* Release */ = {
			isa = XCBuildConfiguration;
			buildSettings = {
				ALWAYS_SEARCH_USER_PATHS = NO;
				CLANG_ANALYZER_NONNULL = YES;
				CLANG_CXX_LANGUAGE_STANDARD = "gnu++0x";
				CLANG_CXX_LIBRARY = "libc++";
				CLANG_ENABLE_MODULES = YES;
				CLANG_ENABLE_OBJC_ARC = YES;
				CLANG_WARN_BOOL_CONVERSION = YES;
				CLANG_WARN_CONSTANT_CONVERSION = YES;
				CLANG_WARN_DIRECT_OBJC_ISA_USAGE = YES_ERROR;
				CLANG_WARN_DOCUMENTATION_COMMENTS = YES;
				CLANG_WARN_EMPTY_BODY = YES;
				CLANG_WARN_ENUM_CONVERSION = YES;
				CLANG_WARN_INFINITE_RECURSION = YES;
				CLANG_WARN_INT_CONVERSION = YES;
				CLANG_WARN_OBJC_ROOT_CLASS = YES_ERROR;
				CLANG_WARN_SUSPICIOUS_MOVE = YES;
				CLANG_WARN_UNREACHABLE_CODE = YES;
				CLANG_WARN__DUPLICATE_METHOD_MATCH = YES;
				CODE_SIGN_IDENTITY = "-";
				COPY_PHASE_STRIP = NO;
				DEBUG_INFORMATION_FORMAT = "dwarf-with-dsym";
				ENABLE_NS_ASSERTIONS = NO;
				ENABLE_STRICT_OBJC_MSGSEND = YES;
				GCC_C_LANGUAGE_STANDARD = gnu99;
				GCC_NO_COMMON_BLOCKS = YES;
				GCC_WARN_64_TO_32_BIT_CONVERSION = YES;
				GCC_WARN_ABOUT_RETURN_TYPE = YES_ERROR;
				GCC_WARN_UNDECLARED_SELECTOR = YES;
				GCC_WARN_UNINITIALIZED_AUTOS = YES_AGGRESSIVE;
				GCC_WARN_UNUSED_FUNCTION = YES;
				GCC_WARN_UNUSED_VARIABLE = YES;
				MACOSX_DEPLOYMENT_TARGET = 10.12;
				MTL_ENABLE_DEBUG_INFO = NO;
				SDKROOT = macosx;
				SWIFT_OPTIMIZATION_LEVEL = "-Owholemodule";
			};
			name = Release;
		};
		8C6754711E7CFC390044FFA5 /* Debug */ = {
			isa = XCBuildConfiguration;
			buildSettings = {
				ASSETCATALOG_COMPILER_APPICON_NAME = AppIcon;
				CLANG_ENABLE_MODULES = YES;
				CODE_SIGN_ENTITLEMENTS = iDownloader/iDownloader.entitlements;
				CODE_SIGN_IDENTITY = "Mac Developer";
				COMBINE_HIDPI_IMAGES = YES;
				DEVELOPMENT_TEAM = RR2E3EH7YW;
				FRAMEWORK_SEARCH_PATHS = (
					"$(inherited)",
					"$(PROJECT_DIR)",
				);
				INFOPLIST_FILE = iDownloader/Info.plist;
				LD_RUNPATH_SEARCH_PATHS = "$(inherited) @executable_path/../Frameworks";
				PRODUCT_BUNDLE_IDENTIFIER = com.abhishek.idownloader;
				PRODUCT_NAME = "$(TARGET_NAME)";
				SWIFT_OBJC_BRIDGING_HEADER = "iDownloader/iDownloader-Bridging-Header.h";
				SWIFT_OPTIMIZATION_LEVEL = "-Onone";
				SWIFT_VERSION = 3.0;
			};
			name = Debug;
		};
		8C6754721E7CFC390044FFA5 /* Release */ = {
			isa = XCBuildConfiguration;
			buildSettings = {
				ASSETCATALOG_COMPILER_APPICON_NAME = AppIcon;
				CLANG_ENABLE_MODULES = YES;
				CODE_SIGN_ENTITLEMENTS = iDownloader/iDownloader.entitlements;
				CODE_SIGN_IDENTITY = "Mac Developer";
				COMBINE_HIDPI_IMAGES = YES;
				DEVELOPMENT_TEAM = RR2E3EH7YW;
				FRAMEWORK_SEARCH_PATHS = (
					"$(inherited)",
					"$(PROJECT_DIR)",
				);
				INFOPLIST_FILE = iDownloader/Info.plist;
				LD_RUNPATH_SEARCH_PATHS = "$(inherited) @executable_path/../Frameworks";
				PRODUCT_BUNDLE_IDENTIFIER = com.abhishek.idownloader;
				PRODUCT_NAME = "$(TARGET_NAME)";
				SWIFT_OBJC_BRIDGING_HEADER = "iDownloader/iDownloader-Bridging-Header.h";
				SWIFT_VERSION = 3.0;
			};
			name = Release;
		};
		8C6754741E7CFC390044FFA5 /* Debug */ = {
			isa = XCBuildConfiguration;
			buildSettings = {
				ALWAYS_EMBED_SWIFT_STANDARD_LIBRARIES = YES;
				BUNDLE_LOADER = "$(TEST_HOST)";
				COMBINE_HIDPI_IMAGES = YES;
				DEVELOPMENT_TEAM = RR2E3EH7YW;
				INFOPLIST_FILE = iDownloaderTests/Info.plist;
				LD_RUNPATH_SEARCH_PATHS = "$(inherited) @executable_path/../Frameworks @loader_path/../Frameworks";
				PRODUCT_BUNDLE_IDENTIFIER = com.abhishek.idownloader.iDownloaderTests;
				PRODUCT_NAME = "$(TARGET_NAME)";
				SWIFT_VERSION = 3.0;
				TEST_HOST = "$(BUILT_PRODUCTS_DIR)/iDownloader.app/Contents/MacOS/iDownloader";
			};
			name = Debug;
		};
		8C6754751E7CFC390044FFA5 /* Release */ = {
			isa = XCBuildConfiguration;
			buildSettings = {
				ALWAYS_EMBED_SWIFT_STANDARD_LIBRARIES = YES;
				BUNDLE_LOADER = "$(TEST_HOST)";
				COMBINE_HIDPI_IMAGES = YES;
				DEVELOPMENT_TEAM = RR2E3EH7YW;
				INFOPLIST_FILE = iDownloaderTests/Info.plist;
				LD_RUNPATH_SEARCH_PATHS = "$(inherited) @executable_path/../Frameworks @loader_path/../Frameworks";
				PRODUCT_BUNDLE_IDENTIFIER = com.abhishek.idownloader.iDownloaderTests;
				PRODUCT_NAME = "$(TARGET_NAME)";
				SWIFT_VERSION = 3.0;
				TEST_HOST = "$(BUILT_PRODUCTS_DIR)/iDownloader.app/Contents/MacOS/iDownloader";
			};
			name = Release;
		};
		8C6754771E7CFC390044FFA5 /* Debug */ = {
			isa = XCBuildConfiguration;
			buildSettings = {
				ALWAYS_EMBED_SWIFT_STANDARD_LIBRARIES = YES;
				COMBINE_HIDPI_IMAGES = YES;
				DEVELOPMENT_TEAM = RR2E3EH7YW;
				INFOPLIST_FILE = iDownloaderUITests/Info.plist;
				LD_RUNPATH_SEARCH_PATHS = "$(inherited) @executable_path/../Frameworks @loader_path/../Frameworks";
				PRODUCT_BUNDLE_IDENTIFIER = com.abhishek.idownloader.iDownloaderUITests;
				PRODUCT_NAME = "$(TARGET_NAME)";
				SWIFT_VERSION = 3.0;
				TEST_TARGET_NAME = iDownloader;
			};
			name = Debug;
		};
		8C6754781E7CFC390044FFA5 /* Release */ = {
			isa = XCBuildConfiguration;
			buildSettings = {
				ALWAYS_EMBED_SWIFT_STANDARD_LIBRARIES = YES;
				COMBINE_HIDPI_IMAGES = YES;
				DEVELOPMENT_TEAM = RR2E3EH7YW;
				INFOPLIST_FILE = iDownloaderUITests/Info.plist;
				LD_RUNPATH_SEARCH_PATHS = "$(inherited) @executable_path/../Frameworks @loader_path/../Frameworks";
				PRODUCT_BUNDLE_IDENTIFIER = com.abhishek.idownloader.iDownloaderUITests;
				PRODUCT_NAME = "$(TARGET_NAME)";
				SWIFT_VERSION = 3.0;
				TEST_TARGET_NAME = iDownloader;
			};
			name = Release;
		};
/* End XCBuildConfiguration section */

/* Begin XCConfigurationList section */
		8C6754431E7CFC390044FFA5 /* Build configuration list for PBXProject "iDownloader" */ = {
			isa = XCConfigurationList;
			buildConfigurations = (
				8C67546E1E7CFC390044FFA5 /* Debug */,
				8C67546F1E7CFC390044FFA5 /* Release */,
			);
			defaultConfigurationIsVisible = 0;
			defaultConfigurationName = Release;
		};
		8C6754701E7CFC390044FFA5 /* Build configuration list for PBXNativeTarget "iDownloader" */ = {
			isa = XCConfigurationList;
			buildConfigurations = (
				8C6754711E7CFC390044FFA5 /* Debug */,
				8C6754721E7CFC390044FFA5 /* Release */,
			);
			defaultConfigurationIsVisible = 0;
			defaultConfigurationName = Release;
		};
		8C6754731E7CFC390044FFA5 /* Build configuration list for PBXNativeTarget "iDownloaderTests" */ = {
			isa = XCConfigurationList;
			buildConfigurations = (
				8C6754741E7CFC390044FFA5 /* Debug */,
				8C6754751E7CFC390044FFA5 /* Release */,
			);
			defaultConfigurationIsVisible = 0;
			defaultConfigurationName = Release;
		};
		8C6754761E7CFC390044FFA5 /* Build configuration list for PBXNativeTarget "iDownloaderUITests" */ = {
			isa = XCConfigurationList;
			buildConfigurations = (
				8C6754771E7CFC390044FFA5 /* Debug */,
				8C6754781E7CFC390044FFA5 /* Release */,
			);
			defaultConfigurationIsVisible = 0;
			defaultConfigurationName = Release;
		};
/* End XCConfigurationList section */

/* Begin XCVersionGroup section */
		8C67544F1E7CFC390044FFA5 /* iDownloader.xcdatamodeld */ = {
			isa = XCVersionGroup;
			children = (
				8C6754501E7CFC390044FFA5 /* iDownloader.xcdatamodel */,
			);
			currentVersion = 8C6754501E7CFC390044FFA5 /* iDownloader.xcdatamodel */;
			path = iDownloader.xcdatamodeld;
			sourceTree = "<group>";
			versionGroupType = wrapper.xcdatamodel;
		};
/* End XCVersionGroup section */
	};
	rootObject = 8C6754401E7CFC390044FFA5 /* Project object */;
}
